
Microsoft Visual Studio Solution File, Format Version 12.00
# Visual Studio Version 17
VisualStudioVersion = 17.7.34003.232
MinimumVisualStudioVersion = 10.0.40219.1
Project("{FAE04EC0-301F-11D3-BF4B-00C04F79EFBC}") = "Webapp", "Webapp\Webapp.csproj", "{62FF3F57-9A7D-4383-B956-CD21F49FC92D}"
EndProject
Global
	GlobalSection(SolutionConfigurationPlatforms) = preSolution
		Debug|Any CPU = Debug|Any CPU
		Release|Any CPU = Release|Any CPU
	EndGlobalSection
	GlobalSection(ProjectConfigurationPlatforms) = postSolution
		{62FF3F57-9A7D-4383-B956-CD21F49FC92D}.Debug|Any CPU.ActiveCfg = Debug|Any CPU
		{62FF3F57-9A7D-4383-B956-CD21F49FC92D}.Debug|Any CPU.Build.0 = Debug|Any CPU
		{62FF3F57-9A7D-4383-B956-CD21F49FC92D}.Release|Any CPU.ActiveCfg = Release|Any CPU
		{62FF3F57-9A7D-4383-B956-CD21F49FC92D}.Release|Any CPU.Build.0 = Release|Any CPU
	EndGlobalSection
	GlobalSection(SolutionProperties) = preSolution
		HideSolutionNode = FALSE
	EndGlobalSection
	GlobalSection(ExtensibilityGlobals) = postSolution
		SolutionGuid = {7C3FA376-BAE8-438D-8036-414AB3C62D82}
	EndGlobalSection
EndGlobal
